{
  "version": 4,
  "terraform_version": "1.6.0",
  "serial": 33,
  "lineage": "250e9672-5434-7f92-970d-42bdc9df75f3",
  "outputs": {
    "subnet03_id": {
      "value": "subnet-07ab2da99021ec566",
      "type": "string"
    },
    "subnet04_id": {
      "value": "subnet-019c9bf6e73dd8537",
      "type": "string"
    },
    "vpc_id": {
      "value": "vpc-07edcd88d527c6d5e",
      "type": "string"
    }
  },
  "resources": [
    {
      "mode": "data",
      "type": "terraform_remote_state",
      "name": "vpc",
      "provider": "provider[\"terraform.io/builtin/terraform\"]",
      "instances": [
        {
          "schema_version": 0,
          "attributes": {
            "backend": "local",
            "config": {
              "value": {
                "path": "/home/neosoft/terraform-project/tf/vpc/terraform.tfstate"
              },
              "type": [
                "object",
                {
                  "path": "string"
                }
              ]
            },
            "defaults": null,
            "outputs": {
              "value": {
                "subnet01_id": "subnet-0ebe5dd9a989b73e4",
                "subnet02_id": "subnet-0ba26d74a5502124b",
                "subnet03_id": "subnet-07ab2da99021ec566",
                "subnet04_id": "subnet-019c9bf6e73dd8537",
                "vpc_id": "vpc-07edcd88d527c6d5e"
              },
              "type": [
                "object",
                {
                  "subnet01_id": "string",
                  "subnet02_id": "string",
                  "subnet03_id": "string",
                  "subnet04_id": "string",
                  "vpc_id": "string"
                }
              ]
            },
            "workspace": null
          },
          "sensitive_attributes": []
        }
      ]
    },
    {
      "mode": "managed",
      "type": "aws_db_subnet_group",
      "name": "db_subnet_group",
      "provider": "provider[\"registry.terraform.io/hashicorp/aws\"]",
      "instances": [
        {
          "schema_version": 0,
          "attributes": {
            "arn": "arn:aws:rds:ap-south-1:318988877498:subgrp:tf-subnet-group",
            "description": "Managed by Terraform",
            "id": "tf-subnet-group",
            "name": "tf-subnet-group",
            "name_prefix": "",
            "subnet_ids": [
              "subnet-019c9bf6e73dd8537",
              "subnet-07ab2da99021ec566"
            ],
            "supported_network_types": [],
            "tags": {},
            "tags_all": {},
            "vpc_id": "vpc-061036cd02fb879a8"
          },
          "sensitive_attributes": [],
          "private": "bnVsbA==",
          "dependencies": [
            "data.terraform_remote_state.vpc"
          ]
        }
      ]
    },
    {
      "mode": "managed",
      "type": "aws_security_group",
      "name": "rds_sg",
      "provider": "provider[\"registry.terraform.io/hashicorp/aws\"]",
      "instances": [
        {
          "schema_version": 1,
          "attributes": {
            "arn": "arn:aws:ec2:ap-south-1:318988877498:security-group/sg-0b20eb53b30936b85",
            "description": "Managed by Terraform",
            "egress": [
              {
                "cidr_blocks": [
                  "0.0.0.0/0"
                ],
                "description": "",
                "from_port": 0,
                "ipv6_cidr_blocks": [],
                "prefix_list_ids": [],
                "protocol": "-1",
                "security_groups": [],
                "self": false,
                "to_port": 0
              }
            ],
            "id": "sg-0b20eb53b30936b85",
            "ingress": [
              {
                "cidr_blocks": [
                  "0.0.0.0/0"
                ],
                "description": "",
                "from_port": 3306,
                "ipv6_cidr_blocks": [],
                "prefix_list_ids": [],
                "protocol": "tcp",
                "security_groups": [],
                "self": false,
                "to_port": 3306
              }
            ],
            "name": "rds-sg",
            "name_prefix": "",
            "owner_id": "318988877498",
            "revoke_rules_on_delete": false,
            "tags": {},
            "tags_all": {},
            "timeouts": null,
            "vpc_id": "vpc-07edcd88d527c6d5e"
          },
          "sensitive_attributes": [],
          "private": "eyJlMmJmYjczMC1lY2FhLTExZTYtOGY4OC0zNDM2M2JjN2M0YzAiOnsiY3JlYXRlIjo2MDAwMDAwMDAwMDAsImRlbGV0ZSI6OTAwMDAwMDAwMDAwfSwic2NoZW1hX3ZlcnNpb24iOiIxIn0=",
          "dependencies": [
            "data.terraform_remote_state.vpc"
          ]
        }
      ]
    }
  ],
  "check_results": null
}
